
Microsoft Visual Studio Solution File, Format Version 12.00
# Visual Studio Version 17
VisualStudioVersion = 17.8.34525.116
MinimumVisualStudioVersion = 10.0.40219.1
Project("{9A19103F-16F7-4668-BE54-9A1E7A4F7556}") = "HotelManagementLibrary", "HotelManagementLibrary\HotelManagementLibrary.csproj", "{8ECEE90A-A231-40CD-A637-1F284577F4A6}"
EndProject
Project("{9A19103F-16F7-4668-BE54-9A1E7A4F7556}") = "HotelManagement_View", "HotelManagement_View\HotelManagement_View.csproj", "{8C6B577E-C1BC-45CA-A40D-CF86A24CAC20}"
EndProject
Project("{2150E333-8FDC-42A3-9474-1A3956D46DE8}") = "Images", "Images", "{A5EB047A-E90C-4907-B1A1-88D26A13BFAB}"
	ProjectSection(SolutionItems) = preProject
		Peaceful-Photo-Free-Download.jpg = Peaceful-Photo-Free-Download.jpg
	EndProjectSection
EndProject
Global
	GlobalSection(SolutionConfigurationPlatforms) = preSolution
		Debug|Any CPU = Debug|Any CPU
		Release|Any CPU = Release|Any CPU
	EndGlobalSection
	GlobalSection(ProjectConfigurationPlatforms) = postSolution
		{8ECEE90A-A231-40CD-A637-1F284577F4A6}.Debug|Any CPU.ActiveCfg = Debug|Any CPU
		{8ECEE90A-A231-40CD-A637-1F284577F4A6}.Debug|Any CPU.Build.0 = Debug|Any CPU
		{8ECEE90A-A231-40CD-A637-1F284577F4A6}.Release|Any CPU.ActiveCfg = Release|Any CPU
		{8ECEE90A-A231-40CD-A637-1F284577F4A6}.Release|Any CPU.Build.0 = Release|Any CPU
		{8C6B577E-C1BC-45CA-A40D-CF86A24CAC20}.Debug|Any CPU.ActiveCfg = Debug|Any CPU
		{8C6B577E-C1BC-45CA-A40D-CF86A24CAC20}.Debug|Any CPU.Build.0 = Debug|Any CPU
		{8C6B577E-C1BC-45CA-A40D-CF86A24CAC20}.Release|Any CPU.ActiveCfg = Release|Any CPU
		{8C6B577E-C1BC-45CA-A40D-CF86A24CAC20}.Release|Any CPU.Build.0 = Release|Any CPU
	EndGlobalSection
	GlobalSection(SolutionProperties) = preSolution
		HideSolutionNode = FALSE
	EndGlobalSection
	GlobalSection(ExtensibilityGlobals) = postSolution
		SolutionGuid = {46205621-6A30-4CBB-AC92-8E668FD50B5D}
	EndGlobalSection
EndGlobal
